
Microsoft Visual Studio Solution File, Format Version 12.00
# Visual Studio Version 17
VisualStudioVersion = 17.6.33829.357
MinimumVisualStudioVersion = 10.0.40219.1
Project("{9A19103F-16F7-4668-BE54-9A1E7A4F7556}") = "Web", "AlogrizaProject\Web.csproj", "{6F616461-8E8E-4F3A-A10A-B7D9F6DA2CE1}"
EndProject
Project("{FAE04EC0-301F-11D3-BF4B-00C04F79EFBC}") = "Repository", "ClassLibrary1\Repository.csproj", "{998099A7-A39C-40B4-83A7-3F92B29A3DB7}"
EndProject
Project("{FAE04EC0-301F-11D3-BF4B-00C04F79EFBC}") = "Service", "Service\Service.csproj", "{C401A7E4-FD7B-4757-9D15-BCECD5F8E96A}"
EndProject
Project("{FAE04EC0-301F-11D3-BF4B-00C04F79EFBC}") = "DependencyInjection", "DependencyInjection\DependencyInjection.csproj", "{303365C6-45D8-4DCF-AB4E-554C757A1515}"
EndProject
Project("{FAE04EC0-301F-11D3-BF4B-00C04F79EFBC}") = "Core", "Core\Core.csproj", "{71EBBD1F-4F5B-4105-A2D0-78C92AA2ACB8}"
EndProject
Global
	GlobalSection(SolutionConfigurationPlatforms) = preSolution
		Debug|Any CPU = Debug|Any CPU
		Release|Any CPU = Release|Any CPU
	EndGlobalSection
	GlobalSection(ProjectConfigurationPlatforms) = postSolution
		{6F616461-8E8E-4F3A-A10A-B7D9F6DA2CE1}.Debug|Any CPU.ActiveCfg = Debug|Any CPU
		{6F616461-8E8E-4F3A-A10A-B7D9F6DA2CE1}.Debug|Any CPU.Build.0 = Debug|Any CPU
		{6F616461-8E8E-4F3A-A10A-B7D9F6DA2CE1}.Release|Any CPU.ActiveCfg = Release|Any CPU
		{6F616461-8E8E-4F3A-A10A-B7D9F6DA2CE1}.Release|Any CPU.Build.0 = Release|Any CPU
		{998099A7-A39C-40B4-83A7-3F92B29A3DB7}.Debug|Any CPU.ActiveCfg = Debug|Any CPU
		{998099A7-A39C-40B4-83A7-3F92B29A3DB7}.Debug|Any CPU.Build.0 = Debug|Any CPU
		{998099A7-A39C-40B4-83A7-3F92B29A3DB7}.Release|Any CPU.ActiveCfg = Release|Any CPU
		{998099A7-A39C-40B4-83A7-3F92B29A3DB7}.Release|Any CPU.Build.0 = Release|Any CPU
		{C401A7E4-FD7B-4757-9D15-BCECD5F8E96A}.Debug|Any CPU.ActiveCfg = Debug|Any CPU
		{C401A7E4-FD7B-4757-9D15-BCECD5F8E96A}.Debug|Any CPU.Build.0 = Debug|Any CPU
		{C401A7E4-FD7B-4757-9D15-BCECD5F8E96A}.Release|Any CPU.ActiveCfg = Release|Any CPU
		{C401A7E4-FD7B-4757-9D15-BCECD5F8E96A}.Release|Any CPU.Build.0 = Release|Any CPU
		{303365C6-45D8-4DCF-AB4E-554C757A1515}.Debug|Any CPU.ActiveCfg = Debug|Any CPU
		{303365C6-45D8-4DCF-AB4E-554C757A1515}.Debug|Any CPU.Build.0 = Debug|Any CPU
		{303365C6-45D8-4DCF-AB4E-554C757A1515}.Release|Any CPU.ActiveCfg = Release|Any CPU
		{303365C6-45D8-4DCF-AB4E-554C757A1515}.Release|Any CPU.Build.0 = Release|Any CPU
		{71EBBD1F-4F5B-4105-A2D0-78C92AA2ACB8}.Debug|Any CPU.ActiveCfg = Debug|Any CPU
		{71EBBD1F-4F5B-4105-A2D0-78C92AA2ACB8}.Debug|Any CPU.Build.0 = Debug|Any CPU
		{71EBBD1F-4F5B-4105-A2D0-78C92AA2ACB8}.Release|Any CPU.ActiveCfg = Release|Any CPU
		{71EBBD1F-4F5B-4105-A2D0-78C92AA2ACB8}.Release|Any CPU.Build.0 = Release|Any CPU
	EndGlobalSection
	GlobalSection(SolutionProperties) = preSolution
		HideSolutionNode = FALSE
	EndGlobalSection
	GlobalSection(ExtensibilityGlobals) = postSolution
		SolutionGuid = {93E07156-E9C7-44D9-A31C-41DAD3DB781A}
	EndGlobalSection
EndGlobal
